
Microsoft Visual Studio Solution File, Format Version 12.00
# Visual Studio 15
VisualStudioVersion = 15.0.26730.12
MinimumVisualStudioVersion = 10.0.40219.1
Project("{9A19103F-16F7-4668-BE54-9A1E7A4F7556}") = "EventManagement", "EventManagement\EventManagement.csproj", "{A71CC071-26F7-4AEE-8667-CC272E836207}"
EndProject
Project("{9A19103F-16F7-4668-BE54-9A1E7A4F7556}") = "Infrastructure", "Infrastructure\Infrastructure.csproj", "{F66C769C-DC31-4FB1-AB91-B757A1BF3255}"
EndProject
Project("{2150E333-8FDC-42A3-9474-1A3956D46DE8}") = "Domain", "Domain", "{89D572F2-8444-47D1-9A07-C937DC657BC2}"
EndProject
Project("{9A19103F-16F7-4668-BE54-9A1E7A4F7556}") = "OrderManagement", "OrderManagement\OrderManagement.csproj", "{0BEAA21A-E966-40EE-9264-14D3D4259BE4}"
EndProject
Project("{9A19103F-16F7-4668-BE54-9A1E7A4F7556}") = "ConsoleTesting", "ConsoleTesting\ConsoleTesting.csproj", "{40E2F1AF-7555-487F-8C47-253C91D125E7}"
EndProject
Project("{9A19103F-16F7-4668-BE54-9A1E7A4F7556}") = "Shared", "Shared\Shared.csproj", "{06A78021-0C32-4178-82DF-27832169991C}"
EndProject
Project("{FAE04EC0-301F-11D3-BF4B-00C04F79EFBC}") = "Invitations", "Invitations\Invitations.csproj", "{9262B4A1-301A-4931-A5EB-E050BA02FC33}"
EndProject
Project("{FAE04EC0-301F-11D3-BF4B-00C04F79EFBC}") = "Users", "Users\Users.csproj", "{86111EC5-0604-4132-9491-E603BD9729F9}"
EndProject
Global
	GlobalSection(SolutionConfigurationPlatforms) = preSolution
		Debug|Any CPU = Debug|Any CPU
		Release|Any CPU = Release|Any CPU
	EndGlobalSection
	GlobalSection(ProjectConfigurationPlatforms) = postSolution
		{A71CC071-26F7-4AEE-8667-CC272E836207}.Debug|Any CPU.ActiveCfg = Debug|Any CPU
		{A71CC071-26F7-4AEE-8667-CC272E836207}.Debug|Any CPU.Build.0 = Debug|Any CPU
		{A71CC071-26F7-4AEE-8667-CC272E836207}.Release|Any CPU.ActiveCfg = Release|Any CPU
		{A71CC071-26F7-4AEE-8667-CC272E836207}.Release|Any CPU.Build.0 = Release|Any CPU
		{F66C769C-DC31-4FB1-AB91-B757A1BF3255}.Debug|Any CPU.ActiveCfg = Debug|Any CPU
		{F66C769C-DC31-4FB1-AB91-B757A1BF3255}.Debug|Any CPU.Build.0 = Debug|Any CPU
		{F66C769C-DC31-4FB1-AB91-B757A1BF3255}.Release|Any CPU.ActiveCfg = Release|Any CPU
		{F66C769C-DC31-4FB1-AB91-B757A1BF3255}.Release|Any CPU.Build.0 = Release|Any CPU
		{0BEAA21A-E966-40EE-9264-14D3D4259BE4}.Debug|Any CPU.ActiveCfg = Debug|Any CPU
		{0BEAA21A-E966-40EE-9264-14D3D4259BE4}.Debug|Any CPU.Build.0 = Debug|Any CPU
		{0BEAA21A-E966-40EE-9264-14D3D4259BE4}.Release|Any CPU.ActiveCfg = Release|Any CPU
		{0BEAA21A-E966-40EE-9264-14D3D4259BE4}.Release|Any CPU.Build.0 = Release|Any CPU
		{40E2F1AF-7555-487F-8C47-253C91D125E7}.Debug|Any CPU.ActiveCfg = Debug|Any CPU
		{40E2F1AF-7555-487F-8C47-253C91D125E7}.Debug|Any CPU.Build.0 = Debug|Any CPU
		{40E2F1AF-7555-487F-8C47-253C91D125E7}.Release|Any CPU.ActiveCfg = Release|Any CPU
		{40E2F1AF-7555-487F-8C47-253C91D125E7}.Release|Any CPU.Build.0 = Release|Any CPU
		{06A78021-0C32-4178-82DF-27832169991C}.Debug|Any CPU.ActiveCfg = Debug|Any CPU
		{06A78021-0C32-4178-82DF-27832169991C}.Debug|Any CPU.Build.0 = Debug|Any CPU
		{06A78021-0C32-4178-82DF-27832169991C}.Release|Any CPU.ActiveCfg = Release|Any CPU
		{06A78021-0C32-4178-82DF-27832169991C}.Release|Any CPU.Build.0 = Release|Any CPU
		{9262B4A1-301A-4931-A5EB-E050BA02FC33}.Debug|Any CPU.ActiveCfg = Debug|Any CPU
		{9262B4A1-301A-4931-A5EB-E050BA02FC33}.Debug|Any CPU.Build.0 = Debug|Any CPU
		{9262B4A1-301A-4931-A5EB-E050BA02FC33}.Release|Any CPU.ActiveCfg = Release|Any CPU
		{9262B4A1-301A-4931-A5EB-E050BA02FC33}.Release|Any CPU.Build.0 = Release|Any CPU
		{86111EC5-0604-4132-9491-E603BD9729F9}.Debug|Any CPU.ActiveCfg = Debug|Any CPU
		{86111EC5-0604-4132-9491-E603BD9729F9}.Debug|Any CPU.Build.0 = Debug|Any CPU
		{86111EC5-0604-4132-9491-E603BD9729F9}.Release|Any CPU.ActiveCfg = Release|Any CPU
		{86111EC5-0604-4132-9491-E603BD9729F9}.Release|Any CPU.Build.0 = Release|Any CPU
	EndGlobalSection
	GlobalSection(SolutionProperties) = preSolution
		HideSolutionNode = FALSE
	EndGlobalSection
	GlobalSection(NestedProjects) = preSolution
		{A71CC071-26F7-4AEE-8667-CC272E836207} = {89D572F2-8444-47D1-9A07-C937DC657BC2}
		{0BEAA21A-E966-40EE-9264-14D3D4259BE4} = {89D572F2-8444-47D1-9A07-C937DC657BC2}
		{06A78021-0C32-4178-82DF-27832169991C} = {89D572F2-8444-47D1-9A07-C937DC657BC2}
		{9262B4A1-301A-4931-A5EB-E050BA02FC33} = {89D572F2-8444-47D1-9A07-C937DC657BC2}
		{86111EC5-0604-4132-9491-E603BD9729F9} = {89D572F2-8444-47D1-9A07-C937DC657BC2}
	EndGlobalSection
	GlobalSection(ExtensibilityGlobals) = postSolution
		SolutionGuid = {E270C8B8-07A6-4633-B3A4-49FCBD4E1ED7}
	EndGlobalSection
EndGlobal
