
Microsoft Visual Studio Solution File, Format Version 12.00
# Visual Studio 15
VisualStudioVersion = 15.0.27004.2009
MinimumVisualStudioVersion = 10.0.40219.1
Project("{9A19103F-16F7-4668-BE54-9A1E7A4F7556}") = "EventManagement", "EventManagement\EventManagement.csproj", "{A71CC071-26F7-4AEE-8667-CC272E836207}"
EndProject
Project("{9A19103F-16F7-4668-BE54-9A1E7A4F7556}") = "Infrastructure", "Infrastructure\Infrastructure.csproj", "{F66C769C-DC31-4FB1-AB91-B757A1BF3255}"
EndProject
Project("{2150E333-8FDC-42A3-9474-1A3956D46DE8}") = "Domain", "Domain", "{89D572F2-8444-47D1-9A07-C937DC657BC2}"
EndProject
Project("{9A19103F-16F7-4668-BE54-9A1E7A4F7556}") = "OrderManagement", "OrderManagement\OrderManagement.csproj", "{0BEAA21A-E966-40EE-9264-14D3D4259BE4}"
EndProject
Project("{9A19103F-16F7-4668-BE54-9A1E7A4F7556}") = "Shared", "Shared\Shared.csproj", "{06A78021-0C32-4178-82DF-27832169991C}"
EndProject
Project("{9A19103F-16F7-4668-BE54-9A1E7A4F7556}") = "Invitations", "Invitations\Invitations.csproj", "{9262B4A1-301A-4931-A5EB-E050BA02FC33}"
EndProject
Project("{2150E333-8FDC-42A3-9474-1A3956D46DE8}") = "EventManagementContext", "EventManagementContext", "{9FD72FCD-C4C5-4A11-8F31-2B283CBE1286}"
EndProject
Project("{2150E333-8FDC-42A3-9474-1A3956D46DE8}") = "InvitationsContext", "InvitationsContext", "{8DDA9DE2-8BA1-48FA-98BF-FDE7E5ED1D9E}"
EndProject
Project("{2150E333-8FDC-42A3-9474-1A3956D46DE8}") = "OrderManagementContext", "OrderManagementContext", "{45ABE9A1-4EDA-4035-8297-4106BBA99CCB}"
EndProject
Project("{2150E333-8FDC-42A3-9474-1A3956D46DE8}") = "AccountsContext", "AccountsContext", "{1497D929-8977-4B0A-8EF8-D1B8416B34B0}"
EndProject
Project("{9A19103F-16F7-4668-BE54-9A1E7A4F7556}") = "Accounts", "Accounts\Accounts.csproj", "{B0948AE5-4E0E-4250-8A0E-EC724728D235}"
EndProject
Project("{9A19103F-16F7-4668-BE54-9A1E7A4F7556}") = "EventManagement.Infrastructure", "EventManagement.Infrastructure\EventManagement.Infrastructure.csproj", "{6AFF0341-B0D1-4A19-9C21-61494C9EA898}"
EndProject
Project("{9A19103F-16F7-4668-BE54-9A1E7A4F7556}") = "EventManagement.Tests", "EventManagement.Tests\EventManagement.Tests.csproj", "{9AB2552D-04C1-4AA4-9416-68F5272769DB}"
EndProject
Project("{FAE04EC0-301F-11D3-BF4B-00C04F79EFBC}") = "Console.Client", "Console.Client\Console.Client.csproj", "{4BE6E9DF-2D03-4715-B13C-6B089C6EAEAB}"
EndProject
Global
	GlobalSection(SolutionConfigurationPlatforms) = preSolution
		Debug|Any CPU = Debug|Any CPU
		Release|Any CPU = Release|Any CPU
	EndGlobalSection
	GlobalSection(ProjectConfigurationPlatforms) = postSolution
		{A71CC071-26F7-4AEE-8667-CC272E836207}.Debug|Any CPU.ActiveCfg = Debug|Any CPU
		{A71CC071-26F7-4AEE-8667-CC272E836207}.Debug|Any CPU.Build.0 = Debug|Any CPU
		{A71CC071-26F7-4AEE-8667-CC272E836207}.Release|Any CPU.ActiveCfg = Release|Any CPU
		{A71CC071-26F7-4AEE-8667-CC272E836207}.Release|Any CPU.Build.0 = Release|Any CPU
		{F66C769C-DC31-4FB1-AB91-B757A1BF3255}.Debug|Any CPU.ActiveCfg = Debug|Any CPU
		{F66C769C-DC31-4FB1-AB91-B757A1BF3255}.Debug|Any CPU.Build.0 = Debug|Any CPU
		{F66C769C-DC31-4FB1-AB91-B757A1BF3255}.Release|Any CPU.ActiveCfg = Release|Any CPU
		{F66C769C-DC31-4FB1-AB91-B757A1BF3255}.Release|Any CPU.Build.0 = Release|Any CPU
		{0BEAA21A-E966-40EE-9264-14D3D4259BE4}.Debug|Any CPU.ActiveCfg = Debug|Any CPU
		{0BEAA21A-E966-40EE-9264-14D3D4259BE4}.Debug|Any CPU.Build.0 = Debug|Any CPU
		{0BEAA21A-E966-40EE-9264-14D3D4259BE4}.Release|Any CPU.ActiveCfg = Release|Any CPU
		{0BEAA21A-E966-40EE-9264-14D3D4259BE4}.Release|Any CPU.Build.0 = Release|Any CPU
		{06A78021-0C32-4178-82DF-27832169991C}.Debug|Any CPU.ActiveCfg = Debug|Any CPU
		{06A78021-0C32-4178-82DF-27832169991C}.Debug|Any CPU.Build.0 = Debug|Any CPU
		{06A78021-0C32-4178-82DF-27832169991C}.Release|Any CPU.ActiveCfg = Release|Any CPU
		{06A78021-0C32-4178-82DF-27832169991C}.Release|Any CPU.Build.0 = Release|Any CPU
		{9262B4A1-301A-4931-A5EB-E050BA02FC33}.Debug|Any CPU.ActiveCfg = Debug|Any CPU
		{9262B4A1-301A-4931-A5EB-E050BA02FC33}.Debug|Any CPU.Build.0 = Debug|Any CPU
		{9262B4A1-301A-4931-A5EB-E050BA02FC33}.Release|Any CPU.ActiveCfg = Release|Any CPU
		{9262B4A1-301A-4931-A5EB-E050BA02FC33}.Release|Any CPU.Build.0 = Release|Any CPU
		{B0948AE5-4E0E-4250-8A0E-EC724728D235}.Debug|Any CPU.ActiveCfg = Debug|Any CPU
		{B0948AE5-4E0E-4250-8A0E-EC724728D235}.Debug|Any CPU.Build.0 = Debug|Any CPU
		{B0948AE5-4E0E-4250-8A0E-EC724728D235}.Release|Any CPU.ActiveCfg = Release|Any CPU
		{B0948AE5-4E0E-4250-8A0E-EC724728D235}.Release|Any CPU.Build.0 = Release|Any CPU
		{6AFF0341-B0D1-4A19-9C21-61494C9EA898}.Debug|Any CPU.ActiveCfg = Debug|Any CPU
		{6AFF0341-B0D1-4A19-9C21-61494C9EA898}.Debug|Any CPU.Build.0 = Debug|Any CPU
		{6AFF0341-B0D1-4A19-9C21-61494C9EA898}.Release|Any CPU.ActiveCfg = Release|Any CPU
		{6AFF0341-B0D1-4A19-9C21-61494C9EA898}.Release|Any CPU.Build.0 = Release|Any CPU
		{9AB2552D-04C1-4AA4-9416-68F5272769DB}.Debug|Any CPU.ActiveCfg = Debug|Any CPU
		{9AB2552D-04C1-4AA4-9416-68F5272769DB}.Debug|Any CPU.Build.0 = Debug|Any CPU
		{9AB2552D-04C1-4AA4-9416-68F5272769DB}.Release|Any CPU.ActiveCfg = Release|Any CPU
		{9AB2552D-04C1-4AA4-9416-68F5272769DB}.Release|Any CPU.Build.0 = Release|Any CPU
		{4BE6E9DF-2D03-4715-B13C-6B089C6EAEAB}.Debug|Any CPU.ActiveCfg = Debug|Any CPU
		{4BE6E9DF-2D03-4715-B13C-6B089C6EAEAB}.Debug|Any CPU.Build.0 = Debug|Any CPU
		{4BE6E9DF-2D03-4715-B13C-6B089C6EAEAB}.Release|Any CPU.ActiveCfg = Release|Any CPU
		{4BE6E9DF-2D03-4715-B13C-6B089C6EAEAB}.Release|Any CPU.Build.0 = Release|Any CPU
	EndGlobalSection
	GlobalSection(SolutionProperties) = preSolution
		HideSolutionNode = FALSE
	EndGlobalSection
	GlobalSection(NestedProjects) = preSolution
		{A71CC071-26F7-4AEE-8667-CC272E836207} = {9FD72FCD-C4C5-4A11-8F31-2B283CBE1286}
		{0BEAA21A-E966-40EE-9264-14D3D4259BE4} = {45ABE9A1-4EDA-4035-8297-4106BBA99CCB}
		{06A78021-0C32-4178-82DF-27832169991C} = {89D572F2-8444-47D1-9A07-C937DC657BC2}
		{9262B4A1-301A-4931-A5EB-E050BA02FC33} = {8DDA9DE2-8BA1-48FA-98BF-FDE7E5ED1D9E}
		{9FD72FCD-C4C5-4A11-8F31-2B283CBE1286} = {89D572F2-8444-47D1-9A07-C937DC657BC2}
		{8DDA9DE2-8BA1-48FA-98BF-FDE7E5ED1D9E} = {89D572F2-8444-47D1-9A07-C937DC657BC2}
		{45ABE9A1-4EDA-4035-8297-4106BBA99CCB} = {89D572F2-8444-47D1-9A07-C937DC657BC2}
		{1497D929-8977-4B0A-8EF8-D1B8416B34B0} = {89D572F2-8444-47D1-9A07-C937DC657BC2}
		{B0948AE5-4E0E-4250-8A0E-EC724728D235} = {1497D929-8977-4B0A-8EF8-D1B8416B34B0}
		{6AFF0341-B0D1-4A19-9C21-61494C9EA898} = {9FD72FCD-C4C5-4A11-8F31-2B283CBE1286}
		{9AB2552D-04C1-4AA4-9416-68F5272769DB} = {9FD72FCD-C4C5-4A11-8F31-2B283CBE1286}
	EndGlobalSection
	GlobalSection(ExtensibilityGlobals) = postSolution
		SolutionGuid = {E270C8B8-07A6-4633-B3A4-49FCBD4E1ED7}
	EndGlobalSection
EndGlobal
