
Microsoft Visual Studio Solution File, Format Version 12.00
# Visual Studio 15
VisualStudioVersion = 15.0.27004.2009
MinimumVisualStudioVersion = 10.0.40219.1
Project("{9A19103F-16F7-4668-BE54-9A1E7A4F7556}") = "Infrastructure", "Infrastructure\Infrastructure.csproj", "{F66C769C-DC31-4FB1-AB91-B757A1BF3255}"
EndProject
Project("{2150E333-8FDC-42A3-9474-1A3956D46DE8}") = "Domain", "Domain", "{89D572F2-8444-47D1-9A07-C937DC657BC2}"
EndProject
Project("{2150E333-8FDC-42A3-9474-1A3956D46DE8}") = "EventManagementContext", "EventManagementContext", "{9FD72FCD-C4C5-4A11-8F31-2B283CBE1286}"
EndProject
Project("{2150E333-8FDC-42A3-9474-1A3956D46DE8}") = "InvitationsContext", "InvitationsContext", "{8DDA9DE2-8BA1-48FA-98BF-FDE7E5ED1D9E}"
EndProject
Project("{2150E333-8FDC-42A3-9474-1A3956D46DE8}") = "OrderManagementContext", "OrderManagementContext", "{45ABE9A1-4EDA-4035-8297-4106BBA99CCB}"
EndProject
Project("{2150E333-8FDC-42A3-9474-1A3956D46DE8}") = "AccountsContext", "AccountsContext", "{1497D929-8977-4B0A-8EF8-D1B8416B34B0}"
EndProject
Project("{9A19103F-16F7-4668-BE54-9A1E7A4F7556}") = "Console.Client", "Client\Console.Client\Console.Client.csproj", "{1BBF3D63-760E-4B2D-9419-3E8A7D7851C8}"
EndProject
Project("{2150E333-8FDC-42A3-9474-1A3956D46DE8}") = "Client", "Client", "{BC34BB70-1AFF-41C9-AFED-70BDAD215E94}"
EndProject
Project("{9A19103F-16F7-4668-BE54-9A1E7A4F7556}") = "Shared", "Domain\Shared\Shared.csproj", "{A78E1565-2743-4CA5-AF6C-2E4C39D7CA40}"
EndProject
Project("{9A19103F-16F7-4668-BE54-9A1E7A4F7556}") = "EventManagement.Domain", "Domain\EventManagementContext\EventManagement\EventManagement.Domain.csproj", "{8F79D90F-74BF-4AC9-BBC5-DC87FA54D50D}"
EndProject
Project("{9A19103F-16F7-4668-BE54-9A1E7A4F7556}") = "EventManagement.Infrastructure", "Domain\EventManagementContext\EventManagement.Infrastructure\EventManagement.Infrastructure.csproj", "{ACC79375-01C5-438A-813E-37FC142B58A3}"
EndProject
Project("{9A19103F-16F7-4668-BE54-9A1E7A4F7556}") = "EventManagement.Tests", "Domain\EventManagementContext\EventManagement.Tests\EventManagement.Tests.csproj", "{31B501A1-85F7-421F-8F41-56E05C6808B9}"
EndProject
Project("{9A19103F-16F7-4668-BE54-9A1E7A4F7556}") = "Accounts", "Domain\AccountsContext\Accounts\Accounts.csproj", "{F68037FB-606C-4194-9463-83A89BDD46A8}"
EndProject
Project("{9A19103F-16F7-4668-BE54-9A1E7A4F7556}") = "Invitations", "Domain\InvitationsContext\Invitations\Invitations.csproj", "{ACE24F34-A148-4513-8E48-E7E49A07A02F}"
EndProject
Project("{9A19103F-16F7-4668-BE54-9A1E7A4F7556}") = "OrderManagement.Domain", "Domain\OrderManagementContext\OrderManagement\OrderManagement.Domain.csproj", "{D71A4F5F-2D5A-45D6-8EA8-1C790DF4A5CC}"
EndProject
Project("{9A19103F-16F7-4668-BE54-9A1E7A4F7556}") = "EventManagement.Application", "Domain\EventManagementContext\EventManagement.Application\EventManagement.Application\EventManagement.Application.csproj", "{1B9A153C-90D4-406A-962B-4A91821E0795}"
EndProject
Project("{FAE04EC0-301F-11D3-BF4B-00C04F79EFBC}") = "OrderManagement.Tests", "OrderManagement.Tests\OrderManagement.Tests.csproj", "{16E018D1-7B10-43C3-8692-4983F55BCCEE}"
EndProject
Global
	GlobalSection(SolutionConfigurationPlatforms) = preSolution
		Debug|Any CPU = Debug|Any CPU
		Release|Any CPU = Release|Any CPU
	EndGlobalSection
	GlobalSection(ProjectConfigurationPlatforms) = postSolution
		{F66C769C-DC31-4FB1-AB91-B757A1BF3255}.Debug|Any CPU.ActiveCfg = Debug|Any CPU
		{F66C769C-DC31-4FB1-AB91-B757A1BF3255}.Debug|Any CPU.Build.0 = Debug|Any CPU
		{F66C769C-DC31-4FB1-AB91-B757A1BF3255}.Release|Any CPU.ActiveCfg = Release|Any CPU
		{F66C769C-DC31-4FB1-AB91-B757A1BF3255}.Release|Any CPU.Build.0 = Release|Any CPU
		{1BBF3D63-760E-4B2D-9419-3E8A7D7851C8}.Debug|Any CPU.ActiveCfg = Debug|Any CPU
		{1BBF3D63-760E-4B2D-9419-3E8A7D7851C8}.Debug|Any CPU.Build.0 = Debug|Any CPU
		{1BBF3D63-760E-4B2D-9419-3E8A7D7851C8}.Release|Any CPU.ActiveCfg = Release|Any CPU
		{1BBF3D63-760E-4B2D-9419-3E8A7D7851C8}.Release|Any CPU.Build.0 = Release|Any CPU
		{A78E1565-2743-4CA5-AF6C-2E4C39D7CA40}.Debug|Any CPU.ActiveCfg = Debug|Any CPU
		{A78E1565-2743-4CA5-AF6C-2E4C39D7CA40}.Debug|Any CPU.Build.0 = Debug|Any CPU
		{A78E1565-2743-4CA5-AF6C-2E4C39D7CA40}.Release|Any CPU.ActiveCfg = Release|Any CPU
		{A78E1565-2743-4CA5-AF6C-2E4C39D7CA40}.Release|Any CPU.Build.0 = Release|Any CPU
		{8F79D90F-74BF-4AC9-BBC5-DC87FA54D50D}.Debug|Any CPU.ActiveCfg = Debug|Any CPU
		{8F79D90F-74BF-4AC9-BBC5-DC87FA54D50D}.Debug|Any CPU.Build.0 = Debug|Any CPU
		{8F79D90F-74BF-4AC9-BBC5-DC87FA54D50D}.Release|Any CPU.ActiveCfg = Release|Any CPU
		{8F79D90F-74BF-4AC9-BBC5-DC87FA54D50D}.Release|Any CPU.Build.0 = Release|Any CPU
		{ACC79375-01C5-438A-813E-37FC142B58A3}.Debug|Any CPU.ActiveCfg = Debug|Any CPU
		{ACC79375-01C5-438A-813E-37FC142B58A3}.Debug|Any CPU.Build.0 = Debug|Any CPU
		{ACC79375-01C5-438A-813E-37FC142B58A3}.Release|Any CPU.ActiveCfg = Release|Any CPU
		{ACC79375-01C5-438A-813E-37FC142B58A3}.Release|Any CPU.Build.0 = Release|Any CPU
		{31B501A1-85F7-421F-8F41-56E05C6808B9}.Debug|Any CPU.ActiveCfg = Debug|Any CPU
		{31B501A1-85F7-421F-8F41-56E05C6808B9}.Debug|Any CPU.Build.0 = Debug|Any CPU
		{31B501A1-85F7-421F-8F41-56E05C6808B9}.Release|Any CPU.ActiveCfg = Release|Any CPU
		{31B501A1-85F7-421F-8F41-56E05C6808B9}.Release|Any CPU.Build.0 = Release|Any CPU
		{F68037FB-606C-4194-9463-83A89BDD46A8}.Debug|Any CPU.ActiveCfg = Debug|Any CPU
		{F68037FB-606C-4194-9463-83A89BDD46A8}.Debug|Any CPU.Build.0 = Debug|Any CPU
		{F68037FB-606C-4194-9463-83A89BDD46A8}.Release|Any CPU.ActiveCfg = Release|Any CPU
		{F68037FB-606C-4194-9463-83A89BDD46A8}.Release|Any CPU.Build.0 = Release|Any CPU
		{ACE24F34-A148-4513-8E48-E7E49A07A02F}.Debug|Any CPU.ActiveCfg = Debug|Any CPU
		{ACE24F34-A148-4513-8E48-E7E49A07A02F}.Debug|Any CPU.Build.0 = Debug|Any CPU
		{ACE24F34-A148-4513-8E48-E7E49A07A02F}.Release|Any CPU.ActiveCfg = Release|Any CPU
		{ACE24F34-A148-4513-8E48-E7E49A07A02F}.Release|Any CPU.Build.0 = Release|Any CPU
		{D71A4F5F-2D5A-45D6-8EA8-1C790DF4A5CC}.Debug|Any CPU.ActiveCfg = Debug|Any CPU
		{D71A4F5F-2D5A-45D6-8EA8-1C790DF4A5CC}.Debug|Any CPU.Build.0 = Debug|Any CPU
		{D71A4F5F-2D5A-45D6-8EA8-1C790DF4A5CC}.Release|Any CPU.ActiveCfg = Release|Any CPU
		{D71A4F5F-2D5A-45D6-8EA8-1C790DF4A5CC}.Release|Any CPU.Build.0 = Release|Any CPU
		{1B9A153C-90D4-406A-962B-4A91821E0795}.Debug|Any CPU.ActiveCfg = Debug|Any CPU
		{1B9A153C-90D4-406A-962B-4A91821E0795}.Debug|Any CPU.Build.0 = Debug|Any CPU
		{1B9A153C-90D4-406A-962B-4A91821E0795}.Release|Any CPU.ActiveCfg = Release|Any CPU
		{1B9A153C-90D4-406A-962B-4A91821E0795}.Release|Any CPU.Build.0 = Release|Any CPU
		{16E018D1-7B10-43C3-8692-4983F55BCCEE}.Debug|Any CPU.ActiveCfg = Debug|Any CPU
		{16E018D1-7B10-43C3-8692-4983F55BCCEE}.Debug|Any CPU.Build.0 = Debug|Any CPU
		{16E018D1-7B10-43C3-8692-4983F55BCCEE}.Release|Any CPU.ActiveCfg = Release|Any CPU
		{16E018D1-7B10-43C3-8692-4983F55BCCEE}.Release|Any CPU.Build.0 = Release|Any CPU
	EndGlobalSection
	GlobalSection(SolutionProperties) = preSolution
		HideSolutionNode = FALSE
	EndGlobalSection
	GlobalSection(NestedProjects) = preSolution
		{9FD72FCD-C4C5-4A11-8F31-2B283CBE1286} = {89D572F2-8444-47D1-9A07-C937DC657BC2}
		{8DDA9DE2-8BA1-48FA-98BF-FDE7E5ED1D9E} = {89D572F2-8444-47D1-9A07-C937DC657BC2}
		{45ABE9A1-4EDA-4035-8297-4106BBA99CCB} = {89D572F2-8444-47D1-9A07-C937DC657BC2}
		{1497D929-8977-4B0A-8EF8-D1B8416B34B0} = {89D572F2-8444-47D1-9A07-C937DC657BC2}
		{1BBF3D63-760E-4B2D-9419-3E8A7D7851C8} = {BC34BB70-1AFF-41C9-AFED-70BDAD215E94}
		{A78E1565-2743-4CA5-AF6C-2E4C39D7CA40} = {89D572F2-8444-47D1-9A07-C937DC657BC2}
		{8F79D90F-74BF-4AC9-BBC5-DC87FA54D50D} = {9FD72FCD-C4C5-4A11-8F31-2B283CBE1286}
		{ACC79375-01C5-438A-813E-37FC142B58A3} = {9FD72FCD-C4C5-4A11-8F31-2B283CBE1286}
		{31B501A1-85F7-421F-8F41-56E05C6808B9} = {9FD72FCD-C4C5-4A11-8F31-2B283CBE1286}
		{F68037FB-606C-4194-9463-83A89BDD46A8} = {1497D929-8977-4B0A-8EF8-D1B8416B34B0}
		{ACE24F34-A148-4513-8E48-E7E49A07A02F} = {8DDA9DE2-8BA1-48FA-98BF-FDE7E5ED1D9E}
		{D71A4F5F-2D5A-45D6-8EA8-1C790DF4A5CC} = {45ABE9A1-4EDA-4035-8297-4106BBA99CCB}
		{1B9A153C-90D4-406A-962B-4A91821E0795} = {9FD72FCD-C4C5-4A11-8F31-2B283CBE1286}
		{16E018D1-7B10-43C3-8692-4983F55BCCEE} = {45ABE9A1-4EDA-4035-8297-4106BBA99CCB}
	EndGlobalSection
	GlobalSection(ExtensibilityGlobals) = postSolution
		SolutionGuid = {E270C8B8-07A6-4633-B3A4-49FCBD4E1ED7}
	EndGlobalSection
EndGlobal
